{
  "name": "watsonam.github.io",
  "lockfileVersion": 2,
  "requires": true,
  "packages": {
    "": {
      "dependencies": {
        "svelte-routify": "^1.0.0"
      }
    },
    "node_modules/svelte-routify": {
      "version": "1.0.0",
      "resolved": "https://registry.npmjs.org/svelte-routify/-/svelte-routify-1.0.0.tgz",
      "integrity": "sha512-uEAC6Z/Hht3SNqinWf4zejKKqK95n188VuIPW/vbLpn1DRL3WAc+0NohhvQj/SUtOB4rF9uoU9efGgGCEpYhhw=="
    }
  },
  "dependencies": {
    "svelte-routify": {
      "version": "1.0.0",
      "resolved": "https://registry.npmjs.org/svelte-routify/-/svelte-routify-1.0.0.tgz",
      "integrity": "sha512-uEAC6Z/Hht3SNqinWf4zejKKqK95n188VuIPW/vbLpn1DRL3WAc+0NohhvQj/SUtOB4rF9uoU9efGgGCEpYhhw=="
    }
  }
}
